
Microsoft Visual Studio Solution File, Format Version 12.00
# Visual Studio 15
VisualStudioVersion = 15.0.27428.2002
MinimumVisualStudioVersion = 10.0.40219.1
Project("{FAE04EC0-301F-11D3-BF4B-00C04F79EFBC}") = "ETag.Example", "ETag.Example\ETag.Example.csproj", "{B5D334E3-F4E1-4BD9-BCDE-BB60435F0175}"
EndProject
Project("{FAE04EC0-301F-11D3-BF4B-00C04F79EFBC}") = "ETag.HttpModule", "ETag.HttpModule\ETag.HttpModule.csproj", "{0F086FBF-118A-473D-BF75-0823AC362F21}"
EndProject
Global
	GlobalSection(SolutionConfigurationPlatforms) = preSolution
		Debug|Any CPU = Debug|Any CPU
		Release|Any CPU = Release|Any CPU
	EndGlobalSection
	GlobalSection(ProjectConfigurationPlatforms) = postSolution
		{B5D334E3-F4E1-4BD9-BCDE-BB60435F0175}.Debug|Any CPU.ActiveCfg = Debug|Any CPU
		{B5D334E3-F4E1-4BD9-BCDE-BB60435F0175}.Debug|Any CPU.Build.0 = Debug|Any CPU
		{B5D334E3-F4E1-4BD9-BCDE-BB60435F0175}.Release|Any CPU.ActiveCfg = Release|Any CPU
		{B5D334E3-F4E1-4BD9-BCDE-BB60435F0175}.Release|Any CPU.Build.0 = Release|Any CPU
		{0F086FBF-118A-473D-BF75-0823AC362F21}.Debug|Any CPU.ActiveCfg = Debug|Any CPU
		{0F086FBF-118A-473D-BF75-0823AC362F21}.Debug|Any CPU.Build.0 = Debug|Any CPU
		{0F086FBF-118A-473D-BF75-0823AC362F21}.Release|Any CPU.ActiveCfg = Release|Any CPU
		{0F086FBF-118A-473D-BF75-0823AC362F21}.Release|Any CPU.Build.0 = Release|Any CPU
	EndGlobalSection
	GlobalSection(SolutionProperties) = preSolution
		HideSolutionNode = FALSE
	EndGlobalSection
	GlobalSection(ExtensibilityGlobals) = postSolution
		SolutionGuid = {10FE6958-EDE3-4CB7-9836-7A587B1BFF71}
	EndGlobalSection
EndGlobal
